
Microsoft Visual Studio Solution File, Format Version 12.00
# Visual Studio Version 17
VisualStudioVersion = 17.14.37012.4 d17.14
MinimumVisualStudioVersion = 10.0.40219.1
Project("{FAE04EC0-301F-11D3-BF4B-00C04F79EFBC}") = "TODOAPI", "TODOAPI.csproj", "{5E4C7C45-89A1-49B4-89AA-39201EB59550}"
EndProject
Global
	GlobalSection(SolutionConfigurationPlatforms) = preSolution
		Debug|Any CPU = Debug|Any CPU
		Release|Any CPU = Release|Any CPU
	EndGlobalSection
	GlobalSection(ProjectConfigurationPlatforms) = postSolution
		{5E4C7C45-89A1-49B4-89AA-39201EB59550}.Debug|Any CPU.ActiveCfg = Debug|Any CPU
		{5E4C7C45-89A1-49B4-89AA-39201EB59550}.Debug|Any CPU.Build.0 = Debug|Any CPU
		{5E4C7C45-89A1-49B4-89AA-39201EB59550}.Release|Any CPU.ActiveCfg = Release|Any CPU
		{5E4C7C45-89A1-49B4-89AA-39201EB59550}.Release|Any CPU.Build.0 = Release|Any CPU
	EndGlobalSection
	GlobalSection(SolutionProperties) = preSolution
		HideSolutionNode = FALSE
	EndGlobalSection
	GlobalSection(ExtensibilityGlobals) = postSolution
		SolutionGuid = {E9262A2C-2682-4363-989B-47B2697B846A}
	EndGlobalSection
EndGlobal
